
Microsoft Visual Studio Solution File, Format Version 12.00
# Visual Studio Version 17
VisualStudioVersion = 17.7.34202.233
MinimumVisualStudioVersion = 10.0.40219.1
Project("{FAE04EC0-301F-11D3-BF4B-00C04F79EFBC}") = "OAT 01", "OAT 01\OAT 01.csproj", "{42784238-0A48-4267-BCB8-55611B1D45E7}"
EndProject
Global
	GlobalSection(SolutionConfigurationPlatforms) = preSolution
		Debug|Any CPU = Debug|Any CPU
		Release|Any CPU = Release|Any CPU
	EndGlobalSection
	GlobalSection(ProjectConfigurationPlatforms) = postSolution
		{42784238-0A48-4267-BCB8-55611B1D45E7}.Debug|Any CPU.ActiveCfg = Debug|Any CPU
		{42784238-0A48-4267-BCB8-55611B1D45E7}.Debug|Any CPU.Build.0 = Debug|Any CPU
		{42784238-0A48-4267-BCB8-55611B1D45E7}.Release|Any CPU.ActiveCfg = Release|Any CPU
		{42784238-0A48-4267-BCB8-55611B1D45E7}.Release|Any CPU.Build.0 = Release|Any CPU
	EndGlobalSection
	GlobalSection(SolutionProperties) = preSolution
		HideSolutionNode = FALSE
	EndGlobalSection
	GlobalSection(ExtensibilityGlobals) = postSolution
		SolutionGuid = {571EA1A0-94BB-4673-A7A2-3AAD33309E7C}
	EndGlobalSection
EndGlobal
